PODS:
  - Alamofire (4.9.1)
  - AlamofireObjectMapper (5.2.1):
    - Alamofire (~> 4.7)
    - ObjectMapper (~> 3.4)
  - Cosmos (21.0.0)
  - Firebase/Analytics (6.19.0):
    - Firebase/Core
  - Firebase/Core (6.19.0):
    - Firebase/CoreOnly
    - FirebaseAnalytics (= 6.3.1)
  - Firebase/CoreOnly (6.19.0):
    - FirebaseCore (= 6.6.4)
  - Firebase/Crashlytics (6.19.0):
    - Firebase/CoreOnly
    - FirebaseCrashlytics (~> 4.0.0-beta.5)
  - Firebase/Messaging (6.19.0):
    - Firebase/CoreOnly
    - FirebaseMessaging (~> 4.3.0)
  - FirebaseAnalytics (6.3.1):
    - FirebaseCore (~> 6.6)
    - FirebaseInstallations (~> 1.1)
    - GoogleAppMeasurement (= 6.3.1)
    - GoogleUtilities/AppDelegateSwizzler (~> 6.0)
    - GoogleUtilities/MethodSwizzler (~> 6.0)
    - GoogleUtilities/Network (~> 6.0)
    - "GoogleUtilities/NSData+zlib (~> 6.0)"
    - nanopb (= 0.3.9011)
  - FirebaseAnalyticsInterop (1.5.0)
  - FirebaseCore (6.6.4):
    - FirebaseCoreDiagnostics (~> 1.2)
    - FirebaseCoreDiagnosticsInterop (~> 1.2)
    - GoogleUtilities/Environment (~> 6.5)
    - GoogleUtilities/Logger (~> 6.5)
  - FirebaseCoreDiagnostics (1.2.2):
    - FirebaseCoreDiagnosticsInterop (~> 1.2)
    - GoogleDataTransportCCTSupport (~> 2.0)
    - GoogleUtilities/Environment (~> 6.5)
    - GoogleUtilities/Logger (~> 6.5)
    - nanopb (~> 0.3.901)
  - FirebaseCoreDiagnosticsInterop (1.2.0)
  - FirebaseCrashlytics (4.0.0-beta.5):
    - FirebaseAnalyticsInterop (~> 1.2)
    - FirebaseCore (~> 6.6)
    - FirebaseInstallations (~> 1.1)
    - PromisesObjC (~> 1.2)
  - FirebaseInstallations (1.1.0):
    - FirebaseCore (~> 6.6)
    - GoogleUtilities/UserDefaults (~> 6.5)
    - PromisesObjC (~> 1.2)
  - FirebaseInstanceID (4.3.4):
    - FirebaseCore (~> 6.6)
    - FirebaseInstallations (~> 1.0)
    - GoogleUtilities/Environment (~> 6.5)
    - GoogleUtilities/UserDefaults (~> 6.5)
  - FirebaseMessaging (4.3.1):
    - FirebaseAnalyticsInterop (~> 1.5)
    - FirebaseCore (~> 6.6)
    - FirebaseInstanceID (~> 4.3)
    - GoogleUtilities/AppDelegateSwizzler (~> 6.5)
    - GoogleUtilities/Environment (~> 6.5)
    - GoogleUtilities/Reachability (~> 6.5)
    - GoogleUtilities/UserDefaults (~> 6.5)
    - Protobuf (>= 3.9.2, ~> 3.9)
  - GoogleAppMeasurement (6.3.1):
    - GoogleUtilities/AppDelegateSwizzler (~> 6.0)
    - GoogleUtilities/MethodSwizzler (~> 6.0)
    - GoogleUtilities/Network (~> 6.0)
    - "GoogleUtilities/NSData+zlib (~> 6.0)"
    - nanopb (= 0.3.9011)
  - GoogleDataTransport (5.0.0)
  - GoogleDataTransportCCTSupport (2.0.0):
    - GoogleDataTransport (~> 5.0)
    - nanopb (~> 0.3.901)
  - GoogleUtilities/AppDelegateSwizzler (6.5.1):
    - GoogleUtilities/Environment
    - GoogleUtilities/Logger
    - GoogleUtilities/Network
  - GoogleUtilities/Environment (6.5.1)
  - GoogleUtilities/Logger (6.5.1):
    - GoogleUtilities/Environment
  - GoogleUtilities/MethodSwizzler (6.5.1):
    - GoogleUtilities/Logger
  - GoogleUtilities/Network (6.5.1):
    - GoogleUtilities/Logger
    - "GoogleUtilities/NSData+zlib"
    - GoogleUtilities/Reachability
  - "GoogleUtilities/NSData+zlib (6.5.1)"
  - GoogleUtilities/Reachability (6.5.1):
    - GoogleUtilities/Logger
  - GoogleUtilities/UserDefaults (6.5.1):
    - GoogleUtilities/Logger
  - KDCircularProgress (1.5.4)
  - KeychainAccess (4.2.0)
  - Kingfisher (5.13.2):
    - Kingfisher/Core (= 5.13.2)
  - Kingfisher/Core (5.13.2)
  - LabelSwitch (0.1.7)
  - nanopb (0.3.9011):
    - nanopb/decode (= 0.3.9011)
    - nanopb/encode (= 0.3.9011)
  - nanopb/decode (0.3.9011)
  - nanopb/encode (0.3.9011)
  - ObjectMapper (3.5.1)
  - PromiseKit (6.13.1):
    - PromiseKit/CorePromise (= 6.13.1)
    - PromiseKit/Foundation (= 6.13.1)
    - PromiseKit/UIKit (= 6.13.1)
  - PromiseKit/CorePromise (6.13.1)
  - PromiseKit/Foundation (6.13.1):
    - PromiseKit/CorePromise
  - PromiseKit/UIKit (6.13.1):
    - PromiseKit/CorePromise
  - PromisesObjC (1.2.8)
  - Protobuf (3.11.4)
  - PureLayout (3.1.5)
  - RappleProgressHUD (4.1)
  - SwiftProgressView (1.3.1)
  - SwiftSignatureView (2.2.2)
  - SwiftyJSON (4.3.0)
  - SWRevealViewController (2.3.0)

DEPENDENCIES:
  - Alamofire
  - AlamofireObjectMapper
  - Cosmos
  - Firebase/Analytics
  - Firebase/Crashlytics
  - Firebase/Messaging
  - KDCircularProgress
  - KeychainAccess
  - Kingfisher (~> 5.0)
  - LabelSwitch
  - ObjectMapper
  - PromiseKit
  - PureLayout
  - RappleProgressHUD
  - SwiftProgressView
  - SwiftSignatureView
  - SwiftyJSON
  - SWRevealViewController

SPEC REPOS:
  trunk:
    - Alamofire
    - AlamofireObjectMapper
    - Cosmos
    - Firebase
    - FirebaseAnalytics
    - FirebaseAnalyticsInterop
    - FirebaseCore
    - FirebaseCoreDiagnostics
    - FirebaseCoreDiagnosticsInterop
    - FirebaseCrashlytics
    - FirebaseInstallations
    - FirebaseInstanceID
    - FirebaseMessaging
    - GoogleAppMeasurement
    - GoogleDataTransport
    - GoogleDataTransportCCTSupport
    - GoogleUtilities
    - KDCircularProgress
    - KeychainAccess
    - Kingfisher
    - LabelSwitch
    - nanopb
    - ObjectMapper
    - PromiseKit
    - PromisesObjC
    - Protobuf
    - PureLayout
    - RappleProgressHUD
    - SwiftProgressView
    - SwiftSignatureView
    - SwiftyJSON
    - SWRevealViewController

SPEC CHECKSUMS:
  Alamofire: 85e8a02c69d6020a0d734f6054870d7ecb75cf18
  AlamofireObjectMapper: 1989f690e982b71921b9253f53a4f33a9bc00d88
  Cosmos: 3dfb6e4ba48bd48b8c9aa2a77048ae11ed114f96
  Firebase: d55ddb0e0bb3207166cddc028647833d8a1b5b6f
  FirebaseAnalytics: 572e467f3d977825266e8ccd52674aa3e6f47eac
  FirebaseAnalyticsInterop: 3f86269c38ae41f47afeb43ebf32a001f58fcdae
  FirebaseCore: ed0a24c758a57c2b88c5efa8e6a8195e868af589
  FirebaseCoreDiagnostics: e9b4cd8ba60dee0f2d13347332e4b7898cca5b61
  FirebaseCoreDiagnosticsInterop: 296e2c5f5314500a850ad0b83e9e7c10b011a850
  FirebaseCrashlytics: 7c95218730d1debf493e987233c7b41dd7ba1329
  FirebaseInstallations: 575cd32f2aec0feeb0e44f5d0110a09e5e60b47b
  FirebaseInstanceID: cef67c4967c7cecb56ea65d8acbb4834825c587b
  FirebaseMessaging: 828e66eb357a893e3cebd9ee0f6bc1941447cc94
  GoogleAppMeasurement: c29d405ff76e18551b5d158eaba6753fda8c7542
  GoogleDataTransport: a857c6a002d201b524dd4bc2ed7e7355ed07e785
  GoogleDataTransportCCTSupport: 32f75fbe904c82772fcbb6b6bd4525bfb6f2a862
  GoogleUtilities: 06eb53bb579efe7099152735900dd04bf09e7275
  KDCircularProgress: 98200c6b8e85d22bc04eb644721d3b1e12b0686b
  KeychainAccess: 3f760109aa99b05d0f231e28b22642da7153e38a
  Kingfisher: d342c8354c10c3d85a27d6d4c42c41285924b898
  LabelSwitch: 97b19eb5e11b27854559374357375134d40c744f
  nanopb: 18003b5e52dab79db540fe93fe9579f399bd1ccd
  ObjectMapper: 70187b8941977c62ccfb423caf6b50be405cabf0
  PromiseKit: 28fda91c973cc377875d8c0ea4f973013c05b6db
  PromisesObjC: c119f3cd559f50b7ae681fa59dc1acd19173b7e6
  Protobuf: 176220c526ad8bd09ab1fb40a978eac3fef665f7
  PureLayout: 9b4ad47b2f0388c84ff534af23d96e720c1b875a
  RappleProgressHUD: f29bc5dc5f9834c2caa9c2ae21ba11f3ff2b5a85
  SwiftProgressView: 4ccf1adb8e7c2ae761b3c1301604a6582b9899d2
  SwiftSignatureView: 7c163f7b3d394d5db060a0ae1080ff8bc4c25c4e
  SwiftyJSON: 6faa0040f8b59dead0ee07436cbf76b73c08fd08
  SWRevealViewController: 6d3fd97f70112fd7cef9de14df4260eacce4c63a

PODFILE CHECKSUM: ff5bdd805df6c5d42da2aa253a10c309c0f99da5

COCOAPODS: 1.9.1
